// !$*UTF8*$!
{
	archiveVersion = 1;
	classes = {
	};
	objectVersion = 50;
	objects = {

/* Begin PBXBuildFile section */
		EE20154224027A970002E314 /* main.swift in Sources */ = {isa = PBXBuildFile; fileRef = EE20154124027A970002E314 /* main.swift */; };
		EE20154924027ACA0002E314 /* Game.swift in Sources */ = {isa = PBXBuildFile; fileRef = EE20154824027ACA0002E314 /* Game.swift */; };
		EE20154B24027AF40002E314 /* Weapon.swift in Sources */ = {isa = PBXBuildFile; fileRef = EE20154A24027AF40002E314 /* Weapon.swift */; };
		EE20154D24027B110002E314 /* Character.swift in Sources */ = {isa = PBXBuildFile; fileRef = EE20154C24027B110002E314 /* Character.swift */; };
		EE20154F24027B6F0002E314 /* Soldier.swift in Sources */ = {isa = PBXBuildFile; fileRef = EE20154E24027B6F0002E314 /* Soldier.swift */; };
		EE20155124027B840002E314 /* Officier.swift in Sources */ = {isa = PBXBuildFile; fileRef = EE20155024027B840002E314 /* Officier.swift */; };
		EE20155324027BA50002E314 /* Recruit.swift in Sources */ = {isa = PBXBuildFile; fileRef = EE20155224027BA50002E314 /* Recruit.swift */; };
		EE20155524027BC50002E314 /* Chief.swift in Sources */ = {isa = PBXBuildFile; fileRef = EE20155424027BC50002E314 /* Chief.swift */; };
		EE20155724027BE20002E314 /* Colonel.swift in Sources */ = {isa = PBXBuildFile; fileRef = EE20155624027BE20002E314 /* Colonel.swift */; };
		EE20155924027C060002E314 /* President.swift in Sources */ = {isa = PBXBuildFile; fileRef = EE20155824027C060002E314 /* President.swift */; };
		EE423B8F2416DBA800336078 /* Player.swift in Sources */ = {isa = PBXBuildFile; fileRef = EE423B8E2416DBA800336078 /* Player.swift */; };
		EE43547C24196F2F00ACFB08 /* Chest.swift in Sources */ = {isa = PBXBuildFile; fileRef = EE43547B24196F2F00ACFB08 /* Chest.swift */; };
		EE69C63C240C331F00042313 /* M16.swift in Sources */ = {isa = PBXBuildFile; fileRef = EE69C63B240C331F00042313 /* M16.swift */; };
		EE69C63E240C336200042313 /* Scarh.swift in Sources */ = {isa = PBXBuildFile; fileRef = EE69C63D240C336200042313 /* Scarh.swift */; };
		EE69C640240C348A00042313 /* Rocket.swift in Sources */ = {isa = PBXBuildFile; fileRef = EE69C63F240C348A00042313 /* Rocket.swift */; };
		EE69C642240C34BB00042313 /* Glock.swift in Sources */ = {isa = PBXBuildFile; fileRef = EE69C641240C34BB00042313 /* Glock.swift */; };
		EE69C644240C36A700042313 /* MP45.swift in Sources */ = {isa = PBXBuildFile; fileRef = EE69C643240C36A700042313 /* MP45.swift */; };
/* End PBXBuildFile section */

/* Begin PBXCopyFilesBuildPhase section */
		EE20153C24027A970002E314 /* CopyFiles */ = {
			isa = PBXCopyFilesBuildPhase;
			buildActionMask = 2147483647;
			dstPath = /usr/share/man/man1/;
			dstSubfolderSpec = 0;
			files = (
			);
			runOnlyForDeploymentPostprocessing = 1;
		};
/* End PBXCopyFilesBuildPhase section */

/* Begin PBXFileReference section */
		EE20153E24027A970002E314 /* P3 */ = {isa = PBXFileReference; explicitFileType = "compiled.mach-o.executable"; includeInIndex = 0; path = P3; sourceTree = BUILT_PRODUCTS_DIR; };
		EE20154124027A970002E314 /* main.swift */ = {isa = PBXFileReference; lastKnownFileType = sourcecode.swift; path = main.swift; sourceTree = "<group>"; };
		EE20154824027ACA0002E314 /* Game.swift */ = {isa = PBXFileReference; lastKnownFileType = sourcecode.swift; path = Game.swift; sourceTree = "<group>"; };
		EE20154A24027AF40002E314 /* Weapon.swift */ = {isa = PBXFileReference; lastKnownFileType = sourcecode.swift; path = Weapon.swift; sourceTree = "<group>"; };
		EE20154C24027B110002E314 /* Character.swift */ = {isa = PBXFileReference; lastKnownFileType = sourcecode.swift; path = Character.swift; sourceTree = "<group>"; };
		EE20154E24027B6F0002E314 /* Soldier.swift */ = {isa = PBXFileReference; lastKnownFileType = sourcecode.swift; path = Soldier.swift; sourceTree = "<group>"; };
		EE20155024027B840002E314 /* Officier.swift */ = {isa = PBXFileReference; lastKnownFileType = sourcecode.swift; path = Officier.swift; sourceTree = "<group>"; };
		EE20155224027BA50002E314 /* Recruit.swift */ = {isa = PBXFileReference; lastKnownFileType = sourcecode.swift; path = Recruit.swift; sourceTree = "<group>"; };
		EE20155424027BC50002E314 /* Chief.swift */ = {isa = PBXFileReference; lastKnownFileType = sourcecode.swift; path = Chief.swift; sourceTree = "<group>"; };
		EE20155624027BE20002E314 /* Colonel.swift */ = {isa = PBXFileReference; lastKnownFileType = sourcecode.swift; path = Colonel.swift; sourceTree = "<group>"; };
		EE20155824027C060002E314 /* President.swift */ = {isa = PBXFileReference; lastKnownFileType = sourcecode.swift; path = President.swift; sourceTree = "<group>"; };
		EE423B8E2416DBA800336078 /* Player.swift */ = {isa = PBXFileReference; lastKnownFileType = sourcecode.swift; path = Player.swift; sourceTree = "<group>"; };
		EE43547B24196F2F00ACFB08 /* Chest.swift */ = {isa = PBXFileReference; lastKnownFileType = sourcecode.swift; path = Chest.swift; sourceTree = "<group>"; };
		EE69C63B240C331F00042313 /* M16.swift */ = {isa = PBXFileReference; lastKnownFileType = sourcecode.swift; path = M16.swift; sourceTree = "<group>"; };
		EE69C63D240C336200042313 /* Scarh.swift */ = {isa = PBXFileReference; lastKnownFileType = sourcecode.swift; path = Scarh.swift; sourceTree = "<group>"; };
		EE69C63F240C348A00042313 /* Rocket.swift */ = {isa = PBXFileReference; lastKnownFileType = sourcecode.swift; path = Rocket.swift; sourceTree = "<group>"; };
		EE69C641240C34BB00042313 /* Glock.swift */ = {isa = PBXFileReference; lastKnownFileType = sourcecode.swift; path = Glock.swift; sourceTree = "<group>"; };
		EE69C643240C36A700042313 /* MP45.swift */ = {isa = PBXFileReference; lastKnownFileType = sourcecode.swift; path = MP45.swift; sourceTree = "<group>"; };
/* End PBXFileReference section */

/* Begin PBXFrameworksBuildPhase section */
		EE20153B24027A970002E314 /* Frameworks */ = {
			isa = PBXFrameworksBuildPhase;
			buildActionMask = 2147483647;
			files = (
			);
			runOnlyForDeploymentPostprocessing = 0;
		};
/* End PBXFrameworksBuildPhase section */

/* Begin PBXGroup section */
		EE20153524027A970002E314 = {
			isa = PBXGroup;
			children = (
				EE20154024027A970002E314 /* P3 */,
				EE20153F24027A970002E314 /* Products */,
			);
			sourceTree = "<group>";
		};
		EE20153F24027A970002E314 /* Products */ = {
			isa = PBXGroup;
			children = (
				EE20153E24027A970002E314 /* P3 */,
			);
			name = Products;
			sourceTree = "<group>";
		};
		EE20154024027A970002E314 /* P3 */ = {
			isa = PBXGroup;
			children = (
				EE20154124027A970002E314 /* main.swift */,
				EE20154824027ACA0002E314 /* Game.swift */,
				EE20154A24027AF40002E314 /* Weapon.swift */,
				EE69C63B240C331F00042313 /* M16.swift */,
				EE69C63F240C348A00042313 /* Rocket.swift */,
				EE69C63D240C336200042313 /* Scarh.swift */,
				EE69C641240C34BB00042313 /* Glock.swift */,
				EE69C643240C36A700042313 /* MP45.swift */,
				EE20154C24027B110002E314 /* Character.swift */,
				EE20154E24027B6F0002E314 /* Soldier.swift */,
				EE20155024027B840002E314 /* Officier.swift */,
				EE20155224027BA50002E314 /* Recruit.swift */,
				EE20155424027BC50002E314 /* Chief.swift */,
				EE20155624027BE20002E314 /* Colonel.swift */,
				EE20155824027C060002E314 /* President.swift */,
				EE423B8E2416DBA800336078 /* Player.swift */,
				EE43547B24196F2F00ACFB08 /* Chest.swift */,
			);
			path = P3;
			sourceTree = "<group>";
		};
/* End PBXGroup section */

/* Begin PBXNativeTarget section */
		EE20153D24027A970002E314 /* P3 */ = {
			isa = PBXNativeTarget;
			buildConfigurationList = EE20154524027A970002E314 /* Build configuration list for PBXNativeTarget "P3" */;
			buildPhases = (
				EE20153A24027A970002E314 /* Sources */,
				EE20153B24027A970002E314 /* Frameworks */,
				EE20153C24027A970002E314 /* CopyFiles */,
			);
			buildRules = (
			);
			dependencies = (
			);
			name = P3;
			productName = P3;
			productReference = EE20153E24027A970002E314 /* P3 */;
			productType = "com.apple.product-type.tool";
		};
/* End PBXNativeTarget section */

/* Begin PBXProject section */
		EE20153624027A970002E314 /* Project object */ = {
			isa = PBXProject;
			attributes = {
				LastSwiftUpdateCheck = 1130;
				LastUpgradeCheck = 1130;
				ORGANIZATIONNAME = "Assil Heddar";
				TargetAttributes = {
					EE20153D24027A970002E314 = {
						CreatedOnToolsVersion = 11.3.1;
					};
				};
			};
			buildConfigurationList = EE20153924027A970002E314 /* Build configuration list for PBXProject "P3" */;
			compatibilityVersion = "Xcode 9.3";
			developmentRegion = en;
			hasScannedForEncodings = 0;
			knownRegions = (
				en,
				Base,
			);
			mainGroup = EE20153524027A970002E314;
			productRefGroup = EE20153F24027A970002E314 /* Products */;
			projectDirPath = "";
			projectRoot = "";
			targets = (
				EE20153D24027A970002E314 /* P3 */,
			);
		};
/* End PBXProject section */

/* Begin PBXSourcesBuildPhase section */
		EE20153A24027A970002E314 /* Sources */ = {
			isa = PBXSourcesBuildPhase;
			buildActionMask = 2147483647;
			files = (
				EE20155924027C060002E314 /* President.swift in Sources */,
				EE69C63E240C336200042313 /* Scarh.swift in Sources */,
				EE20154F24027B6F0002E314 /* Soldier.swift in Sources */,
				EE69C640240C348A00042313 /* Rocket.swift in Sources */,
				EE20154224027A970002E314 /* main.swift in Sources */,
				EE20155724027BE20002E314 /* Colonel.swift in Sources */,
				EE69C644240C36A700042313 /* MP45.swift in Sources */,
				EE69C642240C34BB00042313 /* Glock.swift in Sources */,
				EE20155124027B840002E314 /* Officier.swift in Sources */,
				EE20154924027ACA0002E314 /* Game.swift in Sources */,
				EE20155524027BC50002E314 /* Chief.swift in Sources */,
				EE20154B24027AF40002E314 /* Weapon.swift in Sources */,
				EE69C63C240C331F00042313 /* M16.swift in Sources */,
				EE20154D24027B110002E314 /* Character.swift in Sources */,
				EE43547C24196F2F00ACFB08 /* Chest.swift in Sources */,
				EE20155324027BA50002E314 /* Recruit.swift in Sources */,
				EE423B8F2416DBA800336078 /* Player.swift in Sources */,
			);
			runOnlyForDeploymentPostprocessing = 0;
		};
/* End PBXSourcesBuildPhase section */

/* Begin XCBuildConfiguration section */
		EE20154324027A970002E314 /* Debug */ = {
			isa = XCBuildConfiguration;
			buildSettings = {
				ALWAYS_SEARCH_USER_PATHS = NO;
				CLANG_ANALYZER_NONNULL = YES;
				CLANG_ANALYZER_NUMBER_OBJECT_CONVERSION = YES_AGGRESSIVE;
				CLANG_CXX_LANGUAGE_STANDARD = "gnu++14";
				CLANG_CXX_LIBRARY = "libc++";
				CLANG_ENABLE_MODULES = YES;
				CLANG_ENABLE_OBJC_ARC = YES;
				CLANG_ENABLE_OBJC_WEAK = YES;
				CLANG_WARN_BLOCK_CAPTURE_AUTORELEASING = YES;
				CLANG_WARN_BOOL_CONVERSION = YES;
				CLANG_WARN_COMMA = YES;
				CLANG_WARN_CONSTANT_CONVERSION = YES;
				CLANG_WARN_DEPRECATED_OBJC_IMPLEMENTATIONS = YES;
				CLANG_WARN_DIRECT_OBJC_ISA_USAGE = YES_ERROR;
				CLANG_WARN_DOCUMENTATION_COMMENTS = YES;
				CLANG_WARN_EMPTY_BODY = YES;
				CLANG_WARN_ENUM_CONVERSION = YES;
				CLANG_WARN_INFINITE_RECURSION = YES;
				CLANG_WARN_INT_CONVERSION = YES;
				CLANG_WARN_NON_LITERAL_NULL_CONVERSION = YES;
				CLANG_WARN_OBJC_IMPLICIT_RETAIN_SELF = YES;
				CLANG_WARN_OBJC_LITERAL_CONVERSION = YES;
				CLANG_WARN_OBJC_ROOT_CLASS = YES_ERROR;
				CLANG_WARN_RANGE_LOOP_ANALYSIS = YES;
				CLANG_WARN_STRICT_PROTOTYPES = YES;
				CLANG_WARN_SUSPICIOUS_MOVE = YES;
				CLANG_WARN_UNGUARDED_AVAILABILITY = YES_AGGRESSIVE;
				CLANG_WARN_UNREACHABLE_CODE = YES;
				CLANG_WARN__DUPLICATE_METHOD_MATCH = YES;
				COPY_PHASE_STRIP = NO;
				DEBUG_INFORMATION_FORMAT = dwarf;
				ENABLE_STRICT_OBJC_MSGSEND = YES;
				ENABLE_TESTABILITY = YES;
				GCC_C_LANGUAGE_STANDARD = gnu11;
				GCC_DYNAMIC_NO_PIC = NO;
				GCC_NO_COMMON_BLOCKS = YES;
				GCC_OPTIMIZATION_LEVEL = 0;
				GCC_PREPROCESSOR_DEFINITIONS = (
					"DEBUG=1",
					"$(inherited)",
				);
				GCC_WARN_64_TO_32_BIT_CONVERSION = YES;
				GCC_WARN_ABOUT_RETURN_TYPE = YES_ERROR;
				GCC_WARN_UNDECLARED_SELECTOR = YES;
				GCC_WARN_UNINITIALIZED_AUTOS = YES_AGGRESSIVE;
				GCC_WARN_UNUSED_FUNCTION = YES;
				GCC_WARN_UNUSED_VARIABLE = YES;
				MACOSX_DEPLOYMENT_TARGET = 10.15;
				MTL_ENABLE_DEBUG_INFO = INCLUDE_SOURCE;
				MTL_FAST_MATH = YES;
				ONLY_ACTIVE_ARCH = YES;
				SDKROOT = macosx;
				SWIFT_ACTIVE_COMPILATION_CONDITIONS = DEBUG;
				SWIFT_OPTIMIZATION_LEVEL = "-Onone";
			};
			name = Debug;
		};
		EE20154424027A970002E314 /* Release */ = {
			isa = XCBuildConfiguration;
			buildSettings = {
				ALWAYS_SEARCH_USER_PATHS = NO;
				CLANG_ANALYZER_NONNULL = YES;
				CLANG_ANALYZER_NUMBER_OBJECT_CONVERSION = YES_AGGRESSIVE;
				CLANG_CXX_LANGUAGE_STANDARD = "gnu++14";
				CLANG_CXX_LIBRARY = "libc++";
				CLANG_ENABLE_MODULES = YES;
				CLANG_ENABLE_OBJC_ARC = YES;
				CLANG_ENABLE_OBJC_WEAK = YES;
				CLANG_WARN_BLOCK_CAPTURE_AUTORELEASING = YES;
				CLANG_WARN_BOOL_CONVERSION = YES;
				CLANG_WARN_COMMA = YES;
				CLANG_WARN_CONSTANT_CONVERSION = YES;
				CLANG_WARN_DEPRECATED_OBJC_IMPLEMENTATIONS = YES;
				CLANG_WARN_DIRECT_OBJC_ISA_USAGE = YES_ERROR;
				CLANG_WARN_DOCUMENTATION_COMMENTS = YES;
				CLANG_WARN_EMPTY_BODY = YES;
				CLANG_WARN_ENUM_CONVERSION = YES;
				CLANG_WARN_INFINITE_RECURSION = YES;
				CLANG_WARN_INT_CONVERSION = YES;
				CLANG_WARN_NON_LITERAL_NULL_CONVERSION = YES;
				CLANG_WARN_OBJC_IMPLICIT_RETAIN_SELF = YES;
				CLANG_WARN_OBJC_LITERAL_CONVERSION = YES;
				CLANG_WARN_OBJC_ROOT_CLASS = YES_ERROR;
				CLANG_WARN_RANGE_LOOP_ANALYSIS = YES;
				CLANG_WARN_STRICT_PROTOTYPES = YES;
				CLANG_WARN_SUSPICIOUS_MOVE = YES;
				CLANG_WARN_UNGUARDED_AVAILABILITY = YES_AGGRESSIVE;
				CLANG_WARN_UNREACHABLE_CODE = YES;
				CLANG_WARN__DUPLICATE_METHOD_MATCH = YES;
				COPY_PHASE_STRIP = NO;
				DEBUG_INFORMATION_FORMAT = "dwarf-with-dsym";
				ENABLE_NS_ASSERTIONS = NO;
				ENABLE_STRICT_OBJC_MSGSEND = YES;
				GCC_C_LANGUAGE_STANDARD = gnu11;
				GCC_NO_COMMON_BLOCKS = YES;
				GCC_WARN_64_TO_32_BIT_CONVERSION = YES;
				GCC_WARN_ABOUT_RETURN_TYPE = YES_ERROR;
				GCC_WARN_UNDECLARED_SELECTOR = YES;
				GCC_WARN_UNINITIALIZED_AUTOS = YES_AGGRESSIVE;
				GCC_WARN_UNUSED_FUNCTION = YES;
				GCC_WARN_UNUSED_VARIABLE = YES;
				MACOSX_DEPLOYMENT_TARGET = 10.15;
				MTL_ENABLE_DEBUG_INFO = NO;
				MTL_FAST_MATH = YES;
				SDKROOT = macosx;
				SWIFT_COMPILATION_MODE = wholemodule;
				SWIFT_OPTIMIZATION_LEVEL = "-O";
			};
			name = Release;
		};
		EE20154624027A970002E314 /* Debug */ = {
			isa = XCBuildConfiguration;
			buildSettings = {
				CODE_SIGN_STYLE = Automatic;
				PRODUCT_NAME = "$(TARGET_NAME)";
				SWIFT_VERSION = 5.0;
			};
			name = Debug;
		};
		EE20154724027A970002E314 /* Release */ = {
			isa = XCBuildConfiguration;
			buildSettings = {
				CODE_SIGN_STYLE = Automatic;
				PRODUCT_NAME = "$(TARGET_NAME)";
				SWIFT_VERSION = 5.0;
			};
			name = Release;
		};
/* End XCBuildConfiguration section */

/* Begin XCConfigurationList section */
		EE20153924027A970002E314 /* Build configuration list for PBXProject "P3" */ = {
			isa = XCConfigurationList;
			buildConfigurations = (
				EE20154324027A970002E314 /* Debug */,
				EE20154424027A970002E314 /* Release */,
			);
			defaultConfigurationIsVisible = 0;
			defaultConfigurationName = Release;
		};
		EE20154524027A970002E314 /* Build configuration list for PBXNativeTarget "P3" */ = {
			isa = XCConfigurationList;
			buildConfigurations = (
				EE20154624027A970002E314 /* Debug */,
				EE20154724027A970002E314 /* Release */,
			);
			defaultConfigurationIsVisible = 0;
			defaultConfigurationName = Release;
		};
/* End XCConfigurationList section */
	};
	rootObject = EE20153624027A970002E314 /* Project object */;
}
